
Microsoft Visual Studio Solution File, Format Version 12.00
# Visual Studio 15
VisualStudioVersion = 15.0.28307.779
MinimumVisualStudioVersion = 10.0.40219.1
Project("{FAE04EC0-301F-11D3-BF4B-00C04F79EFBC}") = "AS.Android", "AS\AS.Android\AS.Android.csproj", "{31C15B0B-47F1-4FDC-8DEC-144B00DCE01A}"
EndProject
Project("{FAE04EC0-301F-11D3-BF4B-00C04F79EFBC}") = "AS.iOS", "AS\AS.iOS\AS.iOS.csproj", "{DC6FDFA7-015B-4083-BC4D-13DEAD9F7149}"
EndProject
Project("{FAE04EC0-301F-11D3-BF4B-00C04F79EFBC}") = "AS.UWP", "AS\AS.UWP\AS.UWP.csproj", "{D028438B-7C85-4CFB-815D-5BE689FE8619}"
EndProject
Project("{9A19103F-16F7-4668-BE54-9A1E7A4F7556}") = "AS", "AS\AS\AS.csproj", "{AC825CAC-D914-458D-82B2-035A9A0F011B}"
EndProject
Global
	GlobalSection(SolutionConfigurationPlatforms) = preSolution
		Ad-Hoc|Any CPU = Ad-Hoc|Any CPU
		Ad-Hoc|ARM = Ad-Hoc|ARM
		Ad-Hoc|iPhone = Ad-Hoc|iPhone
		Ad-Hoc|iPhoneSimulator = Ad-Hoc|iPhoneSimulator
		Ad-Hoc|x64 = Ad-Hoc|x64
		Ad-Hoc|x86 = Ad-Hoc|x86
		AppStore|Any CPU = AppStore|Any CPU
		AppStore|ARM = AppStore|ARM
		AppStore|iPhone = AppStore|iPhone
		AppStore|iPhoneSimulator = AppStore|iPhoneSimulator
		AppStore|x64 = AppStore|x64
		AppStore|x86 = AppStore|x86
		Debug|Any CPU = Debug|Any CPU
		Debug|ARM = Debug|ARM
		Debug|iPhone = Debug|iPhone
		Debug|iPhoneSimulator = Debug|iPhoneSimulator
		Debug|x64 = Debug|x64
		Debug|x86 = Debug|x86
		Release|Any CPU = Release|Any CPU
		Release|ARM = Release|ARM
		Release|iPhone = Release|iPhone
		Release|iPhoneSimulator = Release|iPhoneSimulator
		Release|x64 = Release|x64
		Release|x86 = Release|x86
	EndGlobalSection
	GlobalSection(ProjectConfigurationPlatforms) = postSolution
		{31C15B0B-47F1-4FDC-8DEC-144B00DCE01A}.Ad-Hoc|Any CPU.ActiveCfg = Release|Any CPU
		{31C15B0B-47F1-4FDC-8DEC-144B00DCE01A}.Ad-Hoc|Any CPU.Build.0 = Release|Any CPU
		{31C15B0B-47F1-4FDC-8DEC-144B00DCE01A}.Ad-Hoc|Any CPU.Deploy.0 = Release|Any CPU
		{31C15B0B-47F1-4FDC-8DEC-144B00DCE01A}.Ad-Hoc|ARM.ActiveCfg = Release|Any CPU
		{31C15B0B-47F1-4FDC-8DEC-144B00DCE01A}.Ad-Hoc|ARM.Build.0 = Release|Any CPU
		{31C15B0B-47F1-4FDC-8DEC-144B00DCE01A}.Ad-Hoc|ARM.Deploy.0 = Release|Any CPU
		{31C15B0B-47F1-4FDC-8DEC-144B00DCE01A}.Ad-Hoc|iPhone.ActiveCfg = Release|Any CPU
		{31C15B0B-47F1-4FDC-8DEC-144B00DCE01A}.Ad-Hoc|iPhone.Build.0 = Release|Any CPU
		{31C15B0B-47F1-4FDC-8DEC-144B00DCE01A}.Ad-Hoc|iPhone.Deploy.0 = Release|Any CPU
		{31C15B0B-47F1-4FDC-8DEC-144B00DCE01A}.Ad-Hoc|iPhoneSimulator.ActiveCfg = Release|Any CPU
		{31C15B0B-47F1-4FDC-8DEC-144B00DCE01A}.Ad-Hoc|iPhoneSimulator.Build.0 = Release|Any CPU
		{31C15B0B-47F1-4FDC-8DEC-144B00DCE01A}.Ad-Hoc|iPhoneSimulator.Deploy.0 = Release|Any CPU
		{31C15B0B-47F1-4FDC-8DEC-144B00DCE01A}.Ad-Hoc|x64.ActiveCfg = Release|Any CPU
		{31C15B0B-47F1-4FDC-8DEC-144B00DCE01A}.Ad-Hoc|x64.Build.0 = Release|Any CPU
		{31C15B0B-47F1-4FDC-8DEC-144B00DCE01A}.Ad-Hoc|x64.Deploy.0 = Release|Any CPU
		{31C15B0B-47F1-4FDC-8DEC-144B00DCE01A}.Ad-Hoc|x86.ActiveCfg = Release|Any CPU
		{31C15B0B-47F1-4FDC-8DEC-144B00DCE01A}.Ad-Hoc|x86.Build.0 = Release|Any CPU
		{31C15B0B-47F1-4FDC-8DEC-144B00DCE01A}.Ad-Hoc|x86.Deploy.0 = Release|Any CPU
		{31C15B0B-47F1-4FDC-8DEC-144B00DCE01A}.AppStore|Any CPU.ActiveCfg = Release|Any CPU
		{31C15B0B-47F1-4FDC-8DEC-144B00DCE01A}.AppStore|Any CPU.Build.0 = Release|Any CPU
		{31C15B0B-47F1-4FDC-8DEC-144B00DCE01A}.AppStore|Any CPU.Deploy.0 = Release|Any CPU
		{31C15B0B-47F1-4FDC-8DEC-144B00DCE01A}.AppStore|ARM.ActiveCfg = Release|Any CPU
		{31C15B0B-47F1-4FDC-8DEC-144B00DCE01A}.AppStore|ARM.Build.0 = Release|Any CPU
		{31C15B0B-47F1-4FDC-8DEC-144B00DCE01A}.AppStore|ARM.Deploy.0 = Release|Any CPU
		{31C15B0B-47F1-4FDC-8DEC-144B00DCE01A}.AppStore|iPhone.ActiveCfg = Release|Any CPU
		{31C15B0B-47F1-4FDC-8DEC-144B00DCE01A}.AppStore|iPhone.Build.0 = Release|Any CPU
		{31C15B0B-47F1-4FDC-8DEC-144B00DCE01A}.AppStore|iPhone.Deploy.0 = Release|Any CPU
		{31C15B0B-47F1-4FDC-8DEC-144B00DCE01A}.AppStore|iPhoneSimulator.ActiveCfg = Release|Any CPU
		{31C15B0B-47F1-4FDC-8DEC-144B00DCE01A}.AppStore|iPhoneSimulator.Build.0 = Release|Any CPU
		{31C15B0B-47F1-4FDC-8DEC-144B00DCE01A}.AppStore|iPhoneSimulator.Deploy.0 = Release|Any CPU
		{31C15B0B-47F1-4FDC-8DEC-144B00DCE01A}.AppStore|x64.ActiveCfg = Release|Any CPU
		{31C15B0B-47F1-4FDC-8DEC-144B00DCE01A}.AppStore|x64.Build.0 = Release|Any CPU
		{31C15B0B-47F1-4FDC-8DEC-144B00DCE01A}.AppStore|x64.Deploy.0 = Release|Any CPU
		{31C15B0B-47F1-4FDC-8DEC-144B00DCE01A}.AppStore|x86.ActiveCfg = Release|Any CPU
		{31C15B0B-47F1-4FDC-8DEC-144B00DCE01A}.AppStore|x86.Build.0 = Release|Any CPU
		{31C15B0B-47F1-4FDC-8DEC-144B00DCE01A}.AppStore|x86.Deploy.0 = Release|Any CPU
		{31C15B0B-47F1-4FDC-8DEC-144B00DCE01A}.Debug|Any CPU.ActiveCfg = Debug|Any CPU
		{31C15B0B-47F1-4FDC-8DEC-144B00DCE01A}.Debug|Any CPU.Build.0 = Debug|Any CPU
		{31C15B0B-47F1-4FDC-8DEC-144B00DCE01A}.Debug|Any CPU.Deploy.0 = Debug|Any CPU
		{31C15B0B-47F1-4FDC-8DEC-144B00DCE01A}.Debug|ARM.ActiveCfg = Debug|Any CPU
		{31C15B0B-47F1-4FDC-8DEC-144B00DCE01A}.Debug|ARM.Build.0 = Debug|Any CPU
		{31C15B0B-47F1-4FDC-8DEC-144B00DCE01A}.Debug|ARM.Deploy.0 = Debug|Any CPU
		{31C15B0B-47F1-4FDC-8DEC-144B00DCE01A}.Debug|iPhone.ActiveCfg = Debug|Any CPU
		{31C15B0B-47F1-4FDC-8DEC-144B00DCE01A}.Debug|iPhone.Build.0 = Debug|Any CPU
		{31C15B0B-47F1-4FDC-8DEC-144B00DCE01A}.Debug|iPhone.Deploy.0 = Debug|Any CPU
		{31C15B0B-47F1-4FDC-8DEC-144B00DCE01A}.Debug|iPhoneSimulator.ActiveCfg = Debug|Any CPU
		{31C15B0B-47F1-4FDC-8DEC-144B00DCE01A}.Debug|iPhoneSimulator.Build.0 = Debug|Any CPU
		{31C15B0B-47F1-4FDC-8DEC-144B00DCE01A}.Debug|iPhoneSimulator.Deploy.0 = Debug|Any CPU
		{31C15B0B-47F1-4FDC-8DEC-144B00DCE01A}.Debug|x64.ActiveCfg = Debug|Any CPU
		{31C15B0B-47F1-4FDC-8DEC-144B00DCE01A}.Debug|x64.Build.0 = Debug|Any CPU
		{31C15B0B-47F1-4FDC-8DEC-144B00DCE01A}.Debug|x64.Deploy.0 = Debug|Any CPU
		{31C15B0B-47F1-4FDC-8DEC-144B00DCE01A}.Debug|x86.ActiveCfg = Debug|Any CPU
		{31C15B0B-47F1-4FDC-8DEC-144B00DCE01A}.Debug|x86.Build.0 = Debug|Any CPU
		{31C15B0B-47F1-4FDC-8DEC-144B00DCE01A}.Debug|x86.Deploy.0 = Debug|Any CPU
		{31C15B0B-47F1-4FDC-8DEC-144B00DCE01A}.Release|Any CPU.ActiveCfg = Release|Any CPU
		{31C15B0B-47F1-4FDC-8DEC-144B00DCE01A}.Release|Any CPU.Build.0 = Release|Any CPU
		{31C15B0B-47F1-4FDC-8DEC-144B00DCE01A}.Release|Any CPU.Deploy.0 = Release|Any CPU
		{31C15B0B-47F1-4FDC-8DEC-144B00DCE01A}.Release|ARM.ActiveCfg = Release|Any CPU
		{31C15B0B-47F1-4FDC-8DEC-144B00DCE01A}.Release|ARM.Build.0 = Release|Any CPU
		{31C15B0B-47F1-4FDC-8DEC-144B00DCE01A}.Release|ARM.Deploy.0 = Release|Any CPU
		{31C15B0B-47F1-4FDC-8DEC-144B00DCE01A}.Release|iPhone.ActiveCfg = Release|Any CPU
		{31C15B0B-47F1-4FDC-8DEC-144B00DCE01A}.Release|iPhone.Build.0 = Release|Any CPU
		{31C15B0B-47F1-4FDC-8DEC-144B00DCE01A}.Release|iPhone.Deploy.0 = Release|Any CPU
		{31C15B0B-47F1-4FDC-8DEC-144B00DCE01A}.Release|iPhoneSimulator.ActiveCfg = Release|Any CPU
		{31C15B0B-47F1-4FDC-8DEC-144B00DCE01A}.Release|iPhoneSimulator.Build.0 = Release|Any CPU
		{31C15B0B-47F1-4FDC-8DEC-144B00DCE01A}.Release|iPhoneSimulator.Deploy.0 = Release|Any CPU
		{31C15B0B-47F1-4FDC-8DEC-144B00DCE01A}.Release|x64.ActiveCfg = Release|Any CPU
		{31C15B0B-47F1-4FDC-8DEC-144B00DCE01A}.Release|x64.Build.0 = Release|Any CPU
		{31C15B0B-47F1-4FDC-8DEC-144B00DCE01A}.Release|x64.Deploy.0 = Release|Any CPU
		{31C15B0B-47F1-4FDC-8DEC-144B00DCE01A}.Release|x86.ActiveCfg = Release|Any CPU
		{31C15B0B-47F1-4FDC-8DEC-144B00DCE01A}.Release|x86.Build.0 = Release|Any CPU
		{31C15B0B-47F1-4FDC-8DEC-144B00DCE01A}.Release|x86.Deploy.0 = Release|Any CPU
		{DC6FDFA7-015B-4083-BC4D-13DEAD9F7149}.Ad-Hoc|Any CPU.ActiveCfg = Ad-Hoc|iPhone
		{DC6FDFA7-015B-4083-BC4D-13DEAD9F7149}.Ad-Hoc|Any CPU.Build.0 = Ad-Hoc|iPhone
		{DC6FDFA7-015B-4083-BC4D-13DEAD9F7149}.Ad-Hoc|Any CPU.Deploy.0 = Ad-Hoc|iPhone
		{DC6FDFA7-015B-4083-BC4D-13DEAD9F7149}.Ad-Hoc|ARM.ActiveCfg = Ad-Hoc|iPhone
		{DC6FDFA7-015B-4083-BC4D-13DEAD9F7149}.Ad-Hoc|ARM.Build.0 = Ad-Hoc|iPhone
		{DC6FDFA7-015B-4083-BC4D-13DEAD9F7149}.Ad-Hoc|ARM.Deploy.0 = Ad-Hoc|iPhone
		{DC6FDFA7-015B-4083-BC4D-13DEAD9F7149}.Ad-Hoc|iPhone.ActiveCfg = Ad-Hoc|iPhone
		{DC6FDFA7-015B-4083-BC4D-13DEAD9F7149}.Ad-Hoc|iPhone.Build.0 = Ad-Hoc|iPhone
		{DC6FDFA7-015B-4083-BC4D-13DEAD9F7149}.Ad-Hoc|iPhone.Deploy.0 = Ad-Hoc|iPhone
		{DC6FDFA7-015B-4083-BC4D-13DEAD9F7149}.Ad-Hoc|iPhoneSimulator.ActiveCfg = Ad-Hoc|iPhoneSimulator
		{DC6FDFA7-015B-4083-BC4D-13DEAD9F7149}.Ad-Hoc|iPhoneSimulator.Build.0 = Ad-Hoc|iPhoneSimulator
		{DC6FDFA7-015B-4083-BC4D-13DEAD9F7149}.Ad-Hoc|iPhoneSimulator.Deploy.0 = Ad-Hoc|iPhoneSimulator
		{DC6FDFA7-015B-4083-BC4D-13DEAD9F7149}.Ad-Hoc|x64.ActiveCfg = Ad-Hoc|iPhone
		{DC6FDFA7-015B-4083-BC4D-13DEAD9F7149}.Ad-Hoc|x64.Build.0 = Ad-Hoc|iPhone
		{DC6FDFA7-015B-4083-BC4D-13DEAD9F7149}.Ad-Hoc|x64.Deploy.0 = Ad-Hoc|iPhone
		{DC6FDFA7-015B-4083-BC4D-13DEAD9F7149}.Ad-Hoc|x86.ActiveCfg = Ad-Hoc|iPhone
		{DC6FDFA7-015B-4083-BC4D-13DEAD9F7149}.Ad-Hoc|x86.Build.0 = Ad-Hoc|iPhone
		{DC6FDFA7-015B-4083-BC4D-13DEAD9F7149}.Ad-Hoc|x86.Deploy.0 = Ad-Hoc|iPhone
		{DC6FDFA7-015B-4083-BC4D-13DEAD9F7149}.AppStore|Any CPU.ActiveCfg = AppStore|iPhone
		{DC6FDFA7-015B-4083-BC4D-13DEAD9F7149}.AppStore|Any CPU.Build.0 = AppStore|iPhone
		{DC6FDFA7-015B-4083-BC4D-13DEAD9F7149}.AppStore|Any CPU.Deploy.0 = AppStore|iPhone
		{DC6FDFA7-015B-4083-BC4D-13DEAD9F7149}.AppStore|ARM.ActiveCfg = AppStore|iPhone
		{DC6FDFA7-015B-4083-BC4D-13DEAD9F7149}.AppStore|ARM.Build.0 = AppStore|iPhone
		{DC6FDFA7-015B-4083-BC4D-13DEAD9F7149}.AppStore|ARM.Deploy.0 = AppStore|iPhone
		{DC6FDFA7-015B-4083-BC4D-13DEAD9F7149}.AppStore|iPhone.ActiveCfg = AppStore|iPhone
		{DC6FDFA7-015B-4083-BC4D-13DEAD9F7149}.AppStore|iPhone.Build.0 = AppStore|iPhone
		{DC6FDFA7-015B-4083-BC4D-13DEAD9F7149}.AppStore|iPhone.Deploy.0 = AppStore|iPhone
		{DC6FDFA7-015B-4083-BC4D-13DEAD9F7149}.AppStore|iPhoneSimulator.ActiveCfg = AppStore|iPhoneSimulator
		{DC6FDFA7-015B-4083-BC4D-13DEAD9F7149}.AppStore|iPhoneSimulator.Build.0 = AppStore|iPhoneSimulator
		{DC6FDFA7-015B-4083-BC4D-13DEAD9F7149}.AppStore|iPhoneSimulator.Deploy.0 = AppStore|iPhoneSimulator
		{DC6FDFA7-015B-4083-BC4D-13DEAD9F7149}.AppStore|x64.ActiveCfg = AppStore|iPhone
		{DC6FDFA7-015B-4083-BC4D-13DEAD9F7149}.AppStore|x64.Build.0 = AppStore|iPhone
		{DC6FDFA7-015B-4083-BC4D-13DEAD9F7149}.AppStore|x64.Deploy.0 = AppStore|iPhone
		{DC6FDFA7-015B-4083-BC4D-13DEAD9F7149}.AppStore|x86.ActiveCfg = AppStore|iPhone
		{DC6FDFA7-015B-4083-BC4D-13DEAD9F7149}.AppStore|x86.Build.0 = AppStore|iPhone
		{DC6FDFA7-015B-4083-BC4D-13DEAD9F7149}.AppStore|x86.Deploy.0 = AppStore|iPhone
		{DC6FDFA7-015B-4083-BC4D-13DEAD9F7149}.Debug|Any CPU.ActiveCfg = Debug|iPhoneSimulator
		{DC6FDFA7-015B-4083-BC4D-13DEAD9F7149}.Debug|Any CPU.Build.0 = Debug|iPhoneSimulator
		{DC6FDFA7-015B-4083-BC4D-13DEAD9F7149}.Debug|Any CPU.Deploy.0 = Debug|iPhoneSimulator
		{DC6FDFA7-015B-4083-BC4D-13DEAD9F7149}.Debug|ARM.ActiveCfg = Debug|iPhone
		{DC6FDFA7-015B-4083-BC4D-13DEAD9F7149}.Debug|ARM.Build.0 = Debug|iPhone
		{DC6FDFA7-015B-4083-BC4D-13DEAD9F7149}.Debug|ARM.Deploy.0 = Debug|iPhone
		{DC6FDFA7-015B-4083-BC4D-13DEAD9F7149}.Debug|iPhone.ActiveCfg = Debug|iPhone
		{DC6FDFA7-015B-4083-BC4D-13DEAD9F7149}.Debug|iPhone.Build.0 = Debug|iPhone
		{DC6FDFA7-015B-4083-BC4D-13DEAD9F7149}.Debug|iPhone.Deploy.0 = Debug|iPhone
		{DC6FDFA7-015B-4083-BC4D-13DEAD9F7149}.Debug|iPhoneSimulator.ActiveCfg = Debug|iPhoneSimulator
		{DC6FDFA7-015B-4083-BC4D-13DEAD9F7149}.Debug|iPhoneSimulator.Build.0 = Debug|iPhoneSimulator
		{DC6FDFA7-015B-4083-BC4D-13DEAD9F7149}.Debug|iPhoneSimulator.Deploy.0 = Debug|iPhoneSimulator
		{DC6FDFA7-015B-4083-BC4D-13DEAD9F7149}.Debug|x64.ActiveCfg = Debug|iPhone
		{DC6FDFA7-015B-4083-BC4D-13DEAD9F7149}.Debug|x64.Build.0 = Debug|iPhone
		{DC6FDFA7-015B-4083-BC4D-13DEAD9F7149}.Debug|x64.Deploy.0 = Debug|iPhone
		{DC6FDFA7-015B-4083-BC4D-13DEAD9F7149}.Debug|x86.ActiveCfg = Debug|iPhone
		{DC6FDFA7-015B-4083-BC4D-13DEAD9F7149}.Debug|x86.Build.0 = Debug|iPhone
		{DC6FDFA7-015B-4083-BC4D-13DEAD9F7149}.Debug|x86.Deploy.0 = Debug|iPhone
		{DC6FDFA7-015B-4083-BC4D-13DEAD9F7149}.Release|Any CPU.ActiveCfg = Release|iPhone
		{DC6FDFA7-015B-4083-BC4D-13DEAD9F7149}.Release|Any CPU.Build.0 = Release|iPhone
		{DC6FDFA7-015B-4083-BC4D-13DEAD9F7149}.Release|Any CPU.Deploy.0 = Release|iPhone
		{DC6FDFA7-015B-4083-BC4D-13DEAD9F7149}.Release|ARM.ActiveCfg = Release|iPhone
		{DC6FDFA7-015B-4083-BC4D-13DEAD9F7149}.Release|ARM.Build.0 = Release|iPhone
		{DC6FDFA7-015B-4083-BC4D-13DEAD9F7149}.Release|ARM.Deploy.0 = Release|iPhone
		{DC6FDFA7-015B-4083-BC4D-13DEAD9F7149}.Release|iPhone.ActiveCfg = Release|iPhone
		{DC6FDFA7-015B-4083-BC4D-13DEAD9F7149}.Release|iPhone.Build.0 = Release|iPhone
		{DC6FDFA7-015B-4083-BC4D-13DEAD9F7149}.Release|iPhone.Deploy.0 = Release|iPhone
		{DC6FDFA7-015B-4083-BC4D-13DEAD9F7149}.Release|iPhoneSimulator.ActiveCfg = Release|iPhoneSimulator
		{DC6FDFA7-015B-4083-BC4D-13DEAD9F7149}.Release|iPhoneSimulator.Build.0 = Release|iPhoneSimulator
		{DC6FDFA7-015B-4083-BC4D-13DEAD9F7149}.Release|iPhoneSimulator.Deploy.0 = Release|iPhoneSimulator
		{DC6FDFA7-015B-4083-BC4D-13DEAD9F7149}.Release|x64.ActiveCfg = Release|iPhone
		{DC6FDFA7-015B-4083-BC4D-13DEAD9F7149}.Release|x64.Build.0 = Release|iPhone
		{DC6FDFA7-015B-4083-BC4D-13DEAD9F7149}.Release|x64.Deploy.0 = Release|iPhone
		{DC6FDFA7-015B-4083-BC4D-13DEAD9F7149}.Release|x86.ActiveCfg = Release|iPhone
		{DC6FDFA7-015B-4083-BC4D-13DEAD9F7149}.Release|x86.Build.0 = Release|iPhone
		{DC6FDFA7-015B-4083-BC4D-13DEAD9F7149}.Release|x86.Deploy.0 = Release|iPhone
		{D028438B-7C85-4CFB-815D-5BE689FE8619}.Ad-Hoc|Any CPU.ActiveCfg = Release|x86
		{D028438B-7C85-4CFB-815D-5BE689FE8619}.Ad-Hoc|Any CPU.Build.0 = Release|x86
		{D028438B-7C85-4CFB-815D-5BE689FE8619}.Ad-Hoc|Any CPU.Deploy.0 = Release|x86
		{D028438B-7C85-4CFB-815D-5BE689FE8619}.Ad-Hoc|ARM.ActiveCfg = Release|ARM
		{D028438B-7C85-4CFB-815D-5BE689FE8619}.Ad-Hoc|ARM.Build.0 = Release|ARM
		{D028438B-7C85-4CFB-815D-5BE689FE8619}.Ad-Hoc|ARM.Deploy.0 = Release|ARM
		{D028438B-7C85-4CFB-815D-5BE689FE8619}.Ad-Hoc|iPhone.ActiveCfg = Release|x86
		{D028438B-7C85-4CFB-815D-5BE689FE8619}.Ad-Hoc|iPhone.Build.0 = Release|x86
		{D028438B-7C85-4CFB-815D-5BE689FE8619}.Ad-Hoc|iPhone.Deploy.0 = Release|x86
		{D028438B-7C85-4CFB-815D-5BE689FE8619}.Ad-Hoc|iPhoneSimulator.ActiveCfg = Release|x86
		{D028438B-7C85-4CFB-815D-5BE689FE8619}.Ad-Hoc|iPhoneSimulator.Build.0 = Release|x86
		{D028438B-7C85-4CFB-815D-5BE689FE8619}.Ad-Hoc|iPhoneSimulator.Deploy.0 = Release|x86
		{D028438B-7C85-4CFB-815D-5BE689FE8619}.Ad-Hoc|x64.ActiveCfg = Release|x64
		{D028438B-7C85-4CFB-815D-5BE689FE8619}.Ad-Hoc|x64.Build.0 = Release|x64
		{D028438B-7C85-4CFB-815D-5BE689FE8619}.Ad-Hoc|x64.Deploy.0 = Release|x64
		{D028438B-7C85-4CFB-815D-5BE689FE8619}.Ad-Hoc|x86.ActiveCfg = Release|x86
		{D028438B-7C85-4CFB-815D-5BE689FE8619}.Ad-Hoc|x86.Build.0 = Release|x86
		{D028438B-7C85-4CFB-815D-5BE689FE8619}.Ad-Hoc|x86.Deploy.0 = Release|x86
		{D028438B-7C85-4CFB-815D-5BE689FE8619}.AppStore|Any CPU.ActiveCfg = Release|x86
		{D028438B-7C85-4CFB-815D-5BE689FE8619}.AppStore|Any CPU.Build.0 = Release|x86
		{D028438B-7C85-4CFB-815D-5BE689FE8619}.AppStore|Any CPU.Deploy.0 = Release|x86
		{D028438B-7C85-4CFB-815D-5BE689FE8619}.AppStore|ARM.ActiveCfg = Release|ARM
		{D028438B-7C85-4CFB-815D-5BE689FE8619}.AppStore|ARM.Build.0 = Release|ARM
		{D028438B-7C85-4CFB-815D-5BE689FE8619}.AppStore|ARM.Deploy.0 = Release|ARM
		{D028438B-7C85-4CFB-815D-5BE689FE8619}.AppStore|iPhone.ActiveCfg = Release|x86
		{D028438B-7C85-4CFB-815D-5BE689FE8619}.AppStore|iPhone.Build.0 = Release|x86
		{D028438B-7C85-4CFB-815D-5BE689FE8619}.AppStore|iPhone.Deploy.0 = Release|x86
		{D028438B-7C85-4CFB-815D-5BE689FE8619}.AppStore|iPhoneSimulator.ActiveCfg = Release|x86
		{D028438B-7C85-4CFB-815D-5BE689FE8619}.AppStore|iPhoneSimulator.Build.0 = Release|x86
		{D028438B-7C85-4CFB-815D-5BE689FE8619}.AppStore|iPhoneSimulator.Deploy.0 = Release|x86
		{D028438B-7C85-4CFB-815D-5BE689FE8619}.AppStore|x64.ActiveCfg = Release|x64
		{D028438B-7C85-4CFB-815D-5BE689FE8619}.AppStore|x64.Build.0 = Release|x64
		{D028438B-7C85-4CFB-815D-5BE689FE8619}.AppStore|x64.Deploy.0 = Release|x64
		{D028438B-7C85-4CFB-815D-5BE689FE8619}.AppStore|x86.ActiveCfg = Release|x86
		{D028438B-7C85-4CFB-815D-5BE689FE8619}.AppStore|x86.Build.0 = Release|x86
		{D028438B-7C85-4CFB-815D-5BE689FE8619}.AppStore|x86.Deploy.0 = Release|x86
		{D028438B-7C85-4CFB-815D-5BE689FE8619}.Debug|Any CPU.ActiveCfg = Debug|x86
		{D028438B-7C85-4CFB-815D-5BE689FE8619}.Debug|Any CPU.Build.0 = Debug|x86
		{D028438B-7C85-4CFB-815D-5BE689FE8619}.Debug|Any CPU.Deploy.0 = Debug|x86
		{D028438B-7C85-4CFB-815D-5BE689FE8619}.Debug|ARM.ActiveCfg = Debug|ARM
		{D028438B-7C85-4CFB-815D-5BE689FE8619}.Debug|ARM.Build.0 = Debug|ARM
		{D028438B-7C85-4CFB-815D-5BE689FE8619}.Debug|ARM.Deploy.0 = Debug|ARM
		{D028438B-7C85-4CFB-815D-5BE689FE8619}.Debug|iPhone.ActiveCfg = Debug|x86
		{D028438B-7C85-4CFB-815D-5BE689FE8619}.Debug|iPhone.Build.0 = Debug|x86
		{D028438B-7C85-4CFB-815D-5BE689FE8619}.Debug|iPhone.Deploy.0 = Debug|x86
		{D028438B-7C85-4CFB-815D-5BE689FE8619}.Debug|iPhoneSimulator.ActiveCfg = Debug|x86
		{D028438B-7C85-4CFB-815D-5BE689FE8619}.Debug|iPhoneSimulator.Build.0 = Debug|x86
		{D028438B-7C85-4CFB-815D-5BE689FE8619}.Debug|iPhoneSimulator.Deploy.0 = Debug|x86
		{D028438B-7C85-4CFB-815D-5BE689FE8619}.Debug|x64.ActiveCfg = Debug|x64
		{D028438B-7C85-4CFB-815D-5BE689FE8619}.Debug|x64.Build.0 = Debug|x64
		{D028438B-7C85-4CFB-815D-5BE689FE8619}.Debug|x64.Deploy.0 = Debug|x64
		{D028438B-7C85-4CFB-815D-5BE689FE8619}.Debug|x86.ActiveCfg = Debug|x86
		{D028438B-7C85-4CFB-815D-5BE689FE8619}.Debug|x86.Build.0 = Debug|x86
		{D028438B-7C85-4CFB-815D-5BE689FE8619}.Debug|x86.Deploy.0 = Debug|x86
		{D028438B-7C85-4CFB-815D-5BE689FE8619}.Release|Any CPU.ActiveCfg = Release|x86
		{D028438B-7C85-4CFB-815D-5BE689FE8619}.Release|Any CPU.Build.0 = Release|x86
		{D028438B-7C85-4CFB-815D-5BE689FE8619}.Release|Any CPU.Deploy.0 = Release|x86
		{D028438B-7C85-4CFB-815D-5BE689FE8619}.Release|ARM.ActiveCfg = Release|ARM
		{D028438B-7C85-4CFB-815D-5BE689FE8619}.Release|ARM.Build.0 = Release|ARM
		{D028438B-7C85-4CFB-815D-5BE689FE8619}.Release|ARM.Deploy.0 = Release|ARM
		{D028438B-7C85-4CFB-815D-5BE689FE8619}.Release|iPhone.ActiveCfg = Release|x86
		{D028438B-7C85-4CFB-815D-5BE689FE8619}.Release|iPhone.Build.0 = Release|x86
		{D028438B-7C85-4CFB-815D-5BE689FE8619}.Release|iPhone.Deploy.0 = Release|x86
		{D028438B-7C85-4CFB-815D-5BE689FE8619}.Release|iPhoneSimulator.ActiveCfg = Release|x86
		{D028438B-7C85-4CFB-815D-5BE689FE8619}.Release|iPhoneSimulator.Build.0 = Release|x86
		{D028438B-7C85-4CFB-815D-5BE689FE8619}.Release|iPhoneSimulator.Deploy.0 = Release|x86
		{D028438B-7C85-4CFB-815D-5BE689FE8619}.Release|x64.ActiveCfg = Release|x64
		{D028438B-7C85-4CFB-815D-5BE689FE8619}.Release|x64.Build.0 = Release|x64
		{D028438B-7C85-4CFB-815D-5BE689FE8619}.Release|x64.Deploy.0 = Release|x64
		{D028438B-7C85-4CFB-815D-5BE689FE8619}.Release|x86.ActiveCfg = Release|x86
		{D028438B-7C85-4CFB-815D-5BE689FE8619}.Release|x86.Build.0 = Release|x86
		{D028438B-7C85-4CFB-815D-5BE689FE8619}.Release|x86.Deploy.0 = Release|x86
		{AC825CAC-D914-458D-82B2-035A9A0F011B}.Ad-Hoc|Any CPU.ActiveCfg = Debug|Any CPU
		{AC825CAC-D914-458D-82B2-035A9A0F011B}.Ad-Hoc|Any CPU.Build.0 = Debug|Any CPU
		{AC825CAC-D914-458D-82B2-035A9A0F011B}.Ad-Hoc|Any CPU.Deploy.0 = Debug|Any CPU
		{AC825CAC-D914-458D-82B2-035A9A0F011B}.Ad-Hoc|ARM.ActiveCfg = Debug|Any CPU
		{AC825CAC-D914-458D-82B2-035A9A0F011B}.Ad-Hoc|ARM.Build.0 = Debug|Any CPU
		{AC825CAC-D914-458D-82B2-035A9A0F011B}.Ad-Hoc|ARM.Deploy.0 = Debug|Any CPU
		{AC825CAC-D914-458D-82B2-035A9A0F011B}.Ad-Hoc|iPhone.ActiveCfg = Debug|Any CPU
		{AC825CAC-D914-458D-82B2-035A9A0F011B}.Ad-Hoc|iPhone.Build.0 = Debug|Any CPU
		{AC825CAC-D914-458D-82B2-035A9A0F011B}.Ad-Hoc|iPhone.Deploy.0 = Debug|Any CPU
		{AC825CAC-D914-458D-82B2-035A9A0F011B}.Ad-Hoc|iPhoneSimulator.ActiveCfg = Debug|Any CPU
		{AC825CAC-D914-458D-82B2-035A9A0F011B}.Ad-Hoc|iPhoneSimulator.Build.0 = Debug|Any CPU
		{AC825CAC-D914-458D-82B2-035A9A0F011B}.Ad-Hoc|iPhoneSimulator.Deploy.0 = Debug|Any CPU
		{AC825CAC-D914-458D-82B2-035A9A0F011B}.Ad-Hoc|x64.ActiveCfg = Debug|Any CPU
		{AC825CAC-D914-458D-82B2-035A9A0F011B}.Ad-Hoc|x64.Build.0 = Debug|Any CPU
		{AC825CAC-D914-458D-82B2-035A9A0F011B}.Ad-Hoc|x64.Deploy.0 = Debug|Any CPU
		{AC825CAC-D914-458D-82B2-035A9A0F011B}.Ad-Hoc|x86.ActiveCfg = Debug|Any CPU
		{AC825CAC-D914-458D-82B2-035A9A0F011B}.Ad-Hoc|x86.Build.0 = Debug|Any CPU
		{AC825CAC-D914-458D-82B2-035A9A0F011B}.Ad-Hoc|x86.Deploy.0 = Debug|Any CPU
		{AC825CAC-D914-458D-82B2-035A9A0F011B}.AppStore|Any CPU.ActiveCfg = Debug|Any CPU
		{AC825CAC-D914-458D-82B2-035A9A0F011B}.AppStore|Any CPU.Build.0 = Debug|Any CPU
		{AC825CAC-D914-458D-82B2-035A9A0F011B}.AppStore|Any CPU.Deploy.0 = Debug|Any CPU
		{AC825CAC-D914-458D-82B2-035A9A0F011B}.AppStore|ARM.ActiveCfg = Debug|Any CPU
		{AC825CAC-D914-458D-82B2-035A9A0F011B}.AppStore|ARM.Build.0 = Debug|Any CPU
		{AC825CAC-D914-458D-82B2-035A9A0F011B}.AppStore|ARM.Deploy.0 = Debug|Any CPU
		{AC825CAC-D914-458D-82B2-035A9A0F011B}.AppStore|iPhone.ActiveCfg = Debug|Any CPU
		{AC825CAC-D914-458D-82B2-035A9A0F011B}.AppStore|iPhone.Build.0 = Debug|Any CPU
		{AC825CAC-D914-458D-82B2-035A9A0F011B}.AppStore|iPhone.Deploy.0 = Debug|Any CPU
		{AC825CAC-D914-458D-82B2-035A9A0F011B}.AppStore|iPhoneSimulator.ActiveCfg = Debug|Any CPU
		{AC825CAC-D914-458D-82B2-035A9A0F011B}.AppStore|iPhoneSimulator.Build.0 = Debug|Any CPU
		{AC825CAC-D914-458D-82B2-035A9A0F011B}.AppStore|iPhoneSimulator.Deploy.0 = Debug|Any CPU
		{AC825CAC-D914-458D-82B2-035A9A0F011B}.AppStore|x64.ActiveCfg = Debug|Any CPU
		{AC825CAC-D914-458D-82B2-035A9A0F011B}.AppStore|x64.Build.0 = Debug|Any CPU
		{AC825CAC-D914-458D-82B2-035A9A0F011B}.AppStore|x64.Deploy.0 = Debug|Any CPU
		{AC825CAC-D914-458D-82B2-035A9A0F011B}.AppStore|x86.ActiveCfg = Debug|Any CPU
		{AC825CAC-D914-458D-82B2-035A9A0F011B}.AppStore|x86.Build.0 = Debug|Any CPU
		{AC825CAC-D914-458D-82B2-035A9A0F011B}.AppStore|x86.Deploy.0 = Debug|Any CPU
		{AC825CAC-D914-458D-82B2-035A9A0F011B}.Debug|Any CPU.ActiveCfg = Debug|Any CPU
		{AC825CAC-D914-458D-82B2-035A9A0F011B}.Debug|Any CPU.Build.0 = Debug|Any CPU
		{AC825CAC-D914-458D-82B2-035A9A0F011B}.Debug|Any CPU.Deploy.0 = Debug|Any CPU
		{AC825CAC-D914-458D-82B2-035A9A0F011B}.Debug|ARM.ActiveCfg = Debug|Any CPU
		{AC825CAC-D914-458D-82B2-035A9A0F011B}.Debug|ARM.Build.0 = Debug|Any CPU
		{AC825CAC-D914-458D-82B2-035A9A0F011B}.Debug|ARM.Deploy.0 = Debug|Any CPU
		{AC825CAC-D914-458D-82B2-035A9A0F011B}.Debug|iPhone.ActiveCfg = Debug|Any CPU
		{AC825CAC-D914-458D-82B2-035A9A0F011B}.Debug|iPhone.Build.0 = Debug|Any CPU
		{AC825CAC-D914-458D-82B2-035A9A0F011B}.Debug|iPhone.Deploy.0 = Debug|Any CPU
		{AC825CAC-D914-458D-82B2-035A9A0F011B}.Debug|iPhoneSimulator.ActiveCfg = Debug|Any CPU
		{AC825CAC-D914-458D-82B2-035A9A0F011B}.Debug|iPhoneSimulator.Build.0 = Debug|Any CPU
		{AC825CAC-D914-458D-82B2-035A9A0F011B}.Debug|iPhoneSimulator.Deploy.0 = Debug|Any CPU
		{AC825CAC-D914-458D-82B2-035A9A0F011B}.Debug|x64.ActiveCfg = Debug|Any CPU
		{AC825CAC-D914-458D-82B2-035A9A0F011B}.Debug|x64.Build.0 = Debug|Any CPU
		{AC825CAC-D914-458D-82B2-035A9A0F011B}.Debug|x64.Deploy.0 = Debug|Any CPU
		{AC825CAC-D914-458D-82B2-035A9A0F011B}.Debug|x86.ActiveCfg = Debug|Any CPU
		{AC825CAC-D914-458D-82B2-035A9A0F011B}.Debug|x86.Build.0 = Debug|Any CPU
		{AC825CAC-D914-458D-82B2-035A9A0F011B}.Debug|x86.Deploy.0 = Debug|Any CPU
		{AC825CAC-D914-458D-82B2-035A9A0F011B}.Release|Any CPU.ActiveCfg = Release|Any CPU
		{AC825CAC-D914-458D-82B2-035A9A0F011B}.Release|Any CPU.Build.0 = Release|Any CPU
		{AC825CAC-D914-458D-82B2-035A9A0F011B}.Release|Any CPU.Deploy.0 = Release|Any CPU
		{AC825CAC-D914-458D-82B2-035A9A0F011B}.Release|ARM.ActiveCfg = Release|Any CPU
		{AC825CAC-D914-458D-82B2-035A9A0F011B}.Release|ARM.Build.0 = Release|Any CPU
		{AC825CAC-D914-458D-82B2-035A9A0F011B}.Release|ARM.Deploy.0 = Release|Any CPU
		{AC825CAC-D914-458D-82B2-035A9A0F011B}.Release|iPhone.ActiveCfg = Release|Any CPU
		{AC825CAC-D914-458D-82B2-035A9A0F011B}.Release|iPhone.Build.0 = Release|Any CPU
		{AC825CAC-D914-458D-82B2-035A9A0F011B}.Release|iPhone.Deploy.0 = Release|Any CPU
		{AC825CAC-D914-458D-82B2-035A9A0F011B}.Release|iPhoneSimulator.ActiveCfg = Release|Any CPU
		{AC825CAC-D914-458D-82B2-035A9A0F011B}.Release|iPhoneSimulator.Build.0 = Release|Any CPU
		{AC825CAC-D914-458D-82B2-035A9A0F011B}.Release|iPhoneSimulator.Deploy.0 = Release|Any CPU
		{AC825CAC-D914-458D-82B2-035A9A0F011B}.Release|x64.ActiveCfg = Release|Any CPU
		{AC825CAC-D914-458D-82B2-035A9A0F011B}.Release|x64.Build.0 = Release|Any CPU
		{AC825CAC-D914-458D-82B2-035A9A0F011B}.Release|x64.Deploy.0 = Release|Any CPU
		{AC825CAC-D914-458D-82B2-035A9A0F011B}.Release|x86.ActiveCfg = Release|Any CPU
		{AC825CAC-D914-458D-82B2-035A9A0F011B}.Release|x86.Build.0 = Release|Any CPU
		{AC825CAC-D914-458D-82B2-035A9A0F011B}.Release|x86.Deploy.0 = Release|Any CPU
	EndGlobalSection
	GlobalSection(SolutionProperties) = preSolution
		HideSolutionNode = FALSE
	EndGlobalSection
	GlobalSection(ExtensibilityGlobals) = postSolution
		SolutionGuid = {159BF750-AF99-4522-AAD6-7A46ADAC5433}
	EndGlobalSection
EndGlobal
